
Microsoft Visual Studio Solution File, Format Version 12.00
# Visual Studio Version 17
VisualStudioVersion = 17.11.35222.181
MinimumVisualStudioVersion = 10.0.40219.1
Project("{FAE04EC0-301F-11D3-BF4B-00C04F79EFBC}") = "DemoProject", "DemoProject.csproj", "{2FDAA9F5-1BBB-42E0-A31C-14B827B2A8A8}"
EndProject
Global
	GlobalSection(SolutionConfigurationPlatforms) = preSolution
		Debug|Any CPU = Debug|Any CPU
		Release|Any CPU = Release|Any CPU
	EndGlobalSection
	GlobalSection(ProjectConfigurationPlatforms) = postSolution
		{2FDAA9F5-1BBB-42E0-A31C-14B827B2A8A8}.Debug|Any CPU.ActiveCfg = Debug|Any CPU
		{2FDAA9F5-1BBB-42E0-A31C-14B827B2A8A8}.Debug|Any CPU.Build.0 = Debug|Any CPU
		{2FDAA9F5-1BBB-42E0-A31C-14B827B2A8A8}.Release|Any CPU.ActiveCfg = Release|Any CPU
		{2FDAA9F5-1BBB-42E0-A31C-14B827B2A8A8}.Release|Any CPU.Build.0 = Release|Any CPU
	EndGlobalSection
	GlobalSection(SolutionProperties) = preSolution
		HideSolutionNode = FALSE
	EndGlobalSection
	GlobalSection(ExtensibilityGlobals) = postSolution
		SolutionGuid = {A1874F69-B3C4-4DCA-8507-D7C7E1FE5C8F}
	EndGlobalSection
EndGlobal
