
Microsoft Visual Studio Solution File, Format Version 12.00
# Visual Studio Version 17
VisualStudioVersion = 17.11.35222.181
MinimumVisualStudioVersion = 10.0.40219.1
Project("{9A19103F-16F7-4668-BE54-9A1E7A4F7556}") = "DemoProject", "DemoProject.csproj", "{2FDAA9F5-1BBB-42E0-A31C-14B827B2A8A8}"
EndProject
Project("{2150E333-8FDC-42A3-9474-1A3956D46DE8}") = "Presentation", "Presentation", "{00B9420C-607B-48A0-B210-AC009C58DE00}"
EndProject
Project("{2150E333-8FDC-42A3-9474-1A3956D46DE8}") = "Infrastructure", "Infrastructure", "{078B1246-788F-419E-B4E4-5DAC18B4F39F}"
EndProject
Project("{2150E333-8FDC-42A3-9474-1A3956D46DE8}") = "ApplicationCore", "ApplicationCore", "{171A416B-FEDC-4383-95F1-B6A947B9A412}"
EndProject
Project("{2150E333-8FDC-42A3-9474-1A3956D46DE8}") = "Unittesting", "Unittesting", "{BA739139-4919-4A08-B225-5EDFC9A3A1A0}"
EndProject
Project("{FAE04EC0-301F-11D3-BF4B-00C04F79EFBC}") = "AP.BTP.Domain", "..\AP.BTP.Domain\AP.BTP.Domain.csproj", "{1789D64F-BC36-4E2E-887F-DB19B788C559}"
EndProject
Project("{FAE04EC0-301F-11D3-BF4B-00C04F79EFBC}") = "AP.BTP.Application", "..\AP.BTP.Application\AP.BTP.Application.csproj", "{28A4100E-FD19-43D7-94FF-C81B1B9497E0}"
EndProject
Project("{FAE04EC0-301F-11D3-BF4B-00C04F79EFBC}") = "AP.BTP.Infrastructure", "..\AP.BTP.Infrastructure\AP.BTP.Infrastructure.csproj", "{D5DA52B2-C65E-416D-8D2D-F0CEC8D257E9}"
EndProject
Project("{FAE04EC0-301F-11D3-BF4B-00C04F79EFBC}") = "AP.BTP.UnitTests", "..\AP.BTP.UnitTests\AP.BTP.UnitTests.csproj", "{6C8137CC-4C96-4DF7-B9E5-C3046018717A}"
EndProject
Global
	GlobalSection(SolutionConfigurationPlatforms) = preSolution
		Debug|Any CPU = Debug|Any CPU
		Release|Any CPU = Release|Any CPU
	EndGlobalSection
	GlobalSection(ProjectConfigurationPlatforms) = postSolution
		{2FDAA9F5-1BBB-42E0-A31C-14B827B2A8A8}.Debug|Any CPU.ActiveCfg = Debug|Any CPU
		{2FDAA9F5-1BBB-42E0-A31C-14B827B2A8A8}.Debug|Any CPU.Build.0 = Debug|Any CPU
		{2FDAA9F5-1BBB-42E0-A31C-14B827B2A8A8}.Release|Any CPU.ActiveCfg = Release|Any CPU
		{2FDAA9F5-1BBB-42E0-A31C-14B827B2A8A8}.Release|Any CPU.Build.0 = Release|Any CPU
		{1789D64F-BC36-4E2E-887F-DB19B788C559}.Debug|Any CPU.ActiveCfg = Debug|Any CPU
		{1789D64F-BC36-4E2E-887F-DB19B788C559}.Debug|Any CPU.Build.0 = Debug|Any CPU
		{1789D64F-BC36-4E2E-887F-DB19B788C559}.Release|Any CPU.ActiveCfg = Release|Any CPU
		{1789D64F-BC36-4E2E-887F-DB19B788C559}.Release|Any CPU.Build.0 = Release|Any CPU
		{28A4100E-FD19-43D7-94FF-C81B1B9497E0}.Debug|Any CPU.ActiveCfg = Debug|Any CPU
		{28A4100E-FD19-43D7-94FF-C81B1B9497E0}.Debug|Any CPU.Build.0 = Debug|Any CPU
		{28A4100E-FD19-43D7-94FF-C81B1B9497E0}.Release|Any CPU.ActiveCfg = Release|Any CPU
		{28A4100E-FD19-43D7-94FF-C81B1B9497E0}.Release|Any CPU.Build.0 = Release|Any CPU
		{D5DA52B2-C65E-416D-8D2D-F0CEC8D257E9}.Debug|Any CPU.ActiveCfg = Debug|Any CPU
		{D5DA52B2-C65E-416D-8D2D-F0CEC8D257E9}.Debug|Any CPU.Build.0 = Debug|Any CPU
		{D5DA52B2-C65E-416D-8D2D-F0CEC8D257E9}.Release|Any CPU.ActiveCfg = Release|Any CPU
		{D5DA52B2-C65E-416D-8D2D-F0CEC8D257E9}.Release|Any CPU.Build.0 = Release|Any CPU
		{6C8137CC-4C96-4DF7-B9E5-C3046018717A}.Debug|Any CPU.ActiveCfg = Debug|Any CPU
		{6C8137CC-4C96-4DF7-B9E5-C3046018717A}.Debug|Any CPU.Build.0 = Debug|Any CPU
		{6C8137CC-4C96-4DF7-B9E5-C3046018717A}.Release|Any CPU.ActiveCfg = Release|Any CPU
		{6C8137CC-4C96-4DF7-B9E5-C3046018717A}.Release|Any CPU.Build.0 = Release|Any CPU
	EndGlobalSection
	GlobalSection(SolutionProperties) = preSolution
		HideSolutionNode = FALSE
	EndGlobalSection
	GlobalSection(NestedProjects) = preSolution
		{2FDAA9F5-1BBB-42E0-A31C-14B827B2A8A8} = {00B9420C-607B-48A0-B210-AC009C58DE00}
		{1789D64F-BC36-4E2E-887F-DB19B788C559} = {171A416B-FEDC-4383-95F1-B6A947B9A412}
		{28A4100E-FD19-43D7-94FF-C81B1B9497E0} = {171A416B-FEDC-4383-95F1-B6A947B9A412}
		{D5DA52B2-C65E-416D-8D2D-F0CEC8D257E9} = {078B1246-788F-419E-B4E4-5DAC18B4F39F}
		{6C8137CC-4C96-4DF7-B9E5-C3046018717A} = {BA739139-4919-4A08-B225-5EDFC9A3A1A0}
	EndGlobalSection
	GlobalSection(ExtensibilityGlobals) = postSolution
		SolutionGuid = {A1874F69-B3C4-4DCA-8507-D7C7E1FE5C8F}
	EndGlobalSection
EndGlobal
